
Microsoft Visual Studio Solution File, Format Version 12.00
Project("{FAE04EC0-301F-11D3-BF4B-00C04F79EFBC}") = "exchange-rate-helper", "src\exchange-rate-helper\exchange-rate-helper.csproj", "{0517BAAD-25FC-4FA2-80C2-843707F41113}"
EndProject
Project("{2150E333-8FDC-42A3-9474-1A3956D46DE8}") = "1-Layers", "1-Layers", "{726254E5-82D8-4CA5-B3F0-B25195FB0512}"
EndProject
Project("{2150E333-8FDC-42A3-9474-1A3956D46DE8}") = "1-Presentation", "1-Presentation", "{6D471904-1ECE-4234-98E3-588580903A2E}"
EndProject
Project("{2150E333-8FDC-42A3-9474-1A3956D46DE8}") = "2-Application", "2-Application", "{F7D030E3-CBAC-46AA-9671-A35A48BAC572}"
EndProject
Project("{2150E333-8FDC-42A3-9474-1A3956D46DE8}") = "3-Domain", "3-Domain", "{92FD67AC-5837-4474-9EE7-CD152426830F}"
EndProject
Project("{2150E333-8FDC-42A3-9474-1A3956D46DE8}") = "4-Data", "4-Data", "{963BA884-E06A-44A4-9E0B-CDC910910CA1}"
EndProject
Project("{2150E333-8FDC-42A3-9474-1A3956D46DE8}") = "5-Infrastructure", "5-Infrastructure", "{04D8E59A-99C7-4970-BD27-E7FB4B8ECC7E}"
EndProject
Project("{2150E333-8FDC-42A3-9474-1A3956D46DE8}") = "2-Tests", "2-Tests", "{DD99038B-7A99-48B2-81C8-0176AE306C03}"
EndProject
Project("{2150E333-8FDC-42A3-9474-1A3956D46DE8}") = "1-Presentation", "1-Presentation", "{3F464C78-0224-4327-B523-EDA9731692AF}"
EndProject
Project("{2150E333-8FDC-42A3-9474-1A3956D46DE8}") = "2-Applicaiton", "2-Applicaiton", "{E9A71AF3-7DD2-47C0-ADA1-02440B064FC0}"
EndProject
Project("{2150E333-8FDC-42A3-9474-1A3956D46DE8}") = "3-Domain", "3-Domain", "{100FC911-7B43-4AD2-99FF-3592AE4BF049}"
EndProject
Project("{2150E333-8FDC-42A3-9474-1A3956D46DE8}") = "4-Data", "4-Data", "{3A72349F-CCA2-4BAE-B918-42EC0C79973E}"
EndProject
Project("{2150E333-8FDC-42A3-9474-1A3956D46DE8}") = "5-Infrastructure", "5-Infrastructure", "{B0FB0A4C-B246-4E14-B434-8A1726DAECC4}"
EndProject
Project("{2150E333-8FDC-42A3-9474-1A3956D46DE8}") = "6-Integration", "6-Integration", "{1E5748D4-5F3E-429E-AE35-56C0C4672FB2}"
EndProject
Project("{FAE04EC0-301F-11D3-BF4B-00C04F79EFBC}") = "Domain.Core", "src\Domain.Core\Domain.Core.csproj", "{7166E9A0-9285-4774-AE90-D5DA17022398}"
EndProject
Project("{FAE04EC0-301F-11D3-BF4B-00C04F79EFBC}") = "Domain.Model", "src\Domain.Model\Domain.Model.csproj", "{5E002C91-9449-4055-9E25-6CB13F42ABBF}"
EndProject
Project("{FAE04EC0-301F-11D3-BF4B-00C04F79EFBC}") = "Infrastructure.CrossCutting", "src\Infrastructure.CrossCutting\Infrastructure.CrossCutting.csproj", "{84A1065F-1AAB-4C7C-A25D-FEC93A036BAE}"
EndProject
Project("{FAE04EC0-301F-11D3-BF4B-00C04F79EFBC}") = "Domain.Model.Tests", "tests\Domain.Model.Tests\Domain.Model.Tests.csproj", "{E7BE2A6F-CDEB-47F1-9816-EB069782F542}"
EndProject
Project("{FAE04EC0-301F-11D3-BF4B-00C04F79EFBC}") = "Application.Services", "src\Application.Services\Application.Services.csproj", "{109BB7FC-C669-4540-B52E-534C31EF2BC4}"
EndProject
Project("{FAE04EC0-301F-11D3-BF4B-00C04F79EFBC}") = "Application.DTO", "src\Application.DTO\Application.DTO.csproj", "{ABD75B49-80B4-4A52-8B34-926C576336AC}"
EndProject
Project("{FAE04EC0-301F-11D3-BF4B-00C04F79EFBC}") = "Application.Services.Tests", "tests\Application.Services.Tests\Application.Services.Tests.csproj", "{6EBC1FA5-503E-408B-AA0C-6267C386C355}"
EndProject
Project("{FAE04EC0-301F-11D3-BF4B-00C04F79EFBC}") = "Data.PostGreSql", "src\Data.PostGreSql\Data.PostGreSql.csproj", "{C06E1756-4490-49E9-8494-8B1C1A9BF439}"
EndProject
Project("{FAE04EC0-301F-11D3-BF4B-00C04F79EFBC}") = "Data.PostGreSql.tests", "tests\Data.PostGreSql.tests\Data.PostGreSql.tests.csproj", "{D756C64B-8856-438B-8AC0-76A13A339B5B}"
EndProject
Global
	GlobalSection(SolutionConfigurationPlatforms) = preSolution
		Debug|Any CPU = Debug|Any CPU
		Release|Any CPU = Release|Any CPU
	EndGlobalSection
	GlobalSection(ProjectConfigurationPlatforms) = postSolution
		{0517BAAD-25FC-4FA2-80C2-843707F41113}.Debug|Any CPU.ActiveCfg = Debug|Any CPU
		{0517BAAD-25FC-4FA2-80C2-843707F41113}.Debug|Any CPU.Build.0 = Debug|Any CPU
		{0517BAAD-25FC-4FA2-80C2-843707F41113}.Release|Any CPU.ActiveCfg = Release|Any CPU
		{0517BAAD-25FC-4FA2-80C2-843707F41113}.Release|Any CPU.Build.0 = Release|Any CPU
		{7166E9A0-9285-4774-AE90-D5DA17022398}.Debug|Any CPU.ActiveCfg = Debug|Any CPU
		{7166E9A0-9285-4774-AE90-D5DA17022398}.Debug|Any CPU.Build.0 = Debug|Any CPU
		{7166E9A0-9285-4774-AE90-D5DA17022398}.Release|Any CPU.ActiveCfg = Release|Any CPU
		{7166E9A0-9285-4774-AE90-D5DA17022398}.Release|Any CPU.Build.0 = Release|Any CPU
		{5E002C91-9449-4055-9E25-6CB13F42ABBF}.Debug|Any CPU.ActiveCfg = Debug|Any CPU
		{5E002C91-9449-4055-9E25-6CB13F42ABBF}.Debug|Any CPU.Build.0 = Debug|Any CPU
		{5E002C91-9449-4055-9E25-6CB13F42ABBF}.Release|Any CPU.ActiveCfg = Release|Any CPU
		{5E002C91-9449-4055-9E25-6CB13F42ABBF}.Release|Any CPU.Build.0 = Release|Any CPU
		{84A1065F-1AAB-4C7C-A25D-FEC93A036BAE}.Debug|Any CPU.ActiveCfg = Debug|Any CPU
		{84A1065F-1AAB-4C7C-A25D-FEC93A036BAE}.Debug|Any CPU.Build.0 = Debug|Any CPU
		{84A1065F-1AAB-4C7C-A25D-FEC93A036BAE}.Release|Any CPU.ActiveCfg = Release|Any CPU
		{84A1065F-1AAB-4C7C-A25D-FEC93A036BAE}.Release|Any CPU.Build.0 = Release|Any CPU
		{E7BE2A6F-CDEB-47F1-9816-EB069782F542}.Debug|Any CPU.ActiveCfg = Debug|Any CPU
		{E7BE2A6F-CDEB-47F1-9816-EB069782F542}.Debug|Any CPU.Build.0 = Debug|Any CPU
		{E7BE2A6F-CDEB-47F1-9816-EB069782F542}.Release|Any CPU.ActiveCfg = Release|Any CPU
		{E7BE2A6F-CDEB-47F1-9816-EB069782F542}.Release|Any CPU.Build.0 = Release|Any CPU
		{109BB7FC-C669-4540-B52E-534C31EF2BC4}.Debug|Any CPU.ActiveCfg = Debug|Any CPU
		{109BB7FC-C669-4540-B52E-534C31EF2BC4}.Debug|Any CPU.Build.0 = Debug|Any CPU
		{109BB7FC-C669-4540-B52E-534C31EF2BC4}.Release|Any CPU.ActiveCfg = Release|Any CPU
		{109BB7FC-C669-4540-B52E-534C31EF2BC4}.Release|Any CPU.Build.0 = Release|Any CPU
		{ABD75B49-80B4-4A52-8B34-926C576336AC}.Debug|Any CPU.ActiveCfg = Debug|Any CPU
		{ABD75B49-80B4-4A52-8B34-926C576336AC}.Debug|Any CPU.Build.0 = Debug|Any CPU
		{ABD75B49-80B4-4A52-8B34-926C576336AC}.Release|Any CPU.ActiveCfg = Release|Any CPU
		{ABD75B49-80B4-4A52-8B34-926C576336AC}.Release|Any CPU.Build.0 = Release|Any CPU
		{6EBC1FA5-503E-408B-AA0C-6267C386C355}.Debug|Any CPU.ActiveCfg = Debug|Any CPU
		{6EBC1FA5-503E-408B-AA0C-6267C386C355}.Debug|Any CPU.Build.0 = Debug|Any CPU
		{6EBC1FA5-503E-408B-AA0C-6267C386C355}.Release|Any CPU.ActiveCfg = Release|Any CPU
		{6EBC1FA5-503E-408B-AA0C-6267C386C355}.Release|Any CPU.Build.0 = Release|Any CPU
		{C06E1756-4490-49E9-8494-8B1C1A9BF439}.Debug|Any CPU.ActiveCfg = Debug|Any CPU
		{C06E1756-4490-49E9-8494-8B1C1A9BF439}.Debug|Any CPU.Build.0 = Debug|Any CPU
		{C06E1756-4490-49E9-8494-8B1C1A9BF439}.Release|Any CPU.ActiveCfg = Release|Any CPU
		{C06E1756-4490-49E9-8494-8B1C1A9BF439}.Release|Any CPU.Build.0 = Release|Any CPU
		{D756C64B-8856-438B-8AC0-76A13A339B5B}.Debug|Any CPU.ActiveCfg = Debug|Any CPU
		{D756C64B-8856-438B-8AC0-76A13A339B5B}.Debug|Any CPU.Build.0 = Debug|Any CPU
		{D756C64B-8856-438B-8AC0-76A13A339B5B}.Release|Any CPU.ActiveCfg = Release|Any CPU
		{D756C64B-8856-438B-8AC0-76A13A339B5B}.Release|Any CPU.Build.0 = Release|Any CPU
	EndGlobalSection
	GlobalSection(NestedProjects) = preSolution
		{6D471904-1ECE-4234-98E3-588580903A2E} = {726254E5-82D8-4CA5-B3F0-B25195FB0512}
		{F7D030E3-CBAC-46AA-9671-A35A48BAC572} = {726254E5-82D8-4CA5-B3F0-B25195FB0512}
		{92FD67AC-5837-4474-9EE7-CD152426830F} = {726254E5-82D8-4CA5-B3F0-B25195FB0512}
		{963BA884-E06A-44A4-9E0B-CDC910910CA1} = {726254E5-82D8-4CA5-B3F0-B25195FB0512}
		{04D8E59A-99C7-4970-BD27-E7FB4B8ECC7E} = {726254E5-82D8-4CA5-B3F0-B25195FB0512}
		{0517BAAD-25FC-4FA2-80C2-843707F41113} = {6D471904-1ECE-4234-98E3-588580903A2E}
		{3F464C78-0224-4327-B523-EDA9731692AF} = {DD99038B-7A99-48B2-81C8-0176AE306C03}
		{E9A71AF3-7DD2-47C0-ADA1-02440B064FC0} = {DD99038B-7A99-48B2-81C8-0176AE306C03}
		{100FC911-7B43-4AD2-99FF-3592AE4BF049} = {DD99038B-7A99-48B2-81C8-0176AE306C03}
		{3A72349F-CCA2-4BAE-B918-42EC0C79973E} = {DD99038B-7A99-48B2-81C8-0176AE306C03}
		{B0FB0A4C-B246-4E14-B434-8A1726DAECC4} = {DD99038B-7A99-48B2-81C8-0176AE306C03}
		{1E5748D4-5F3E-429E-AE35-56C0C4672FB2} = {DD99038B-7A99-48B2-81C8-0176AE306C03}
		{7166E9A0-9285-4774-AE90-D5DA17022398} = {92FD67AC-5837-4474-9EE7-CD152426830F}
		{5E002C91-9449-4055-9E25-6CB13F42ABBF} = {92FD67AC-5837-4474-9EE7-CD152426830F}
		{84A1065F-1AAB-4C7C-A25D-FEC93A036BAE} = {04D8E59A-99C7-4970-BD27-E7FB4B8ECC7E}
		{E7BE2A6F-CDEB-47F1-9816-EB069782F542} = {100FC911-7B43-4AD2-99FF-3592AE4BF049}
		{109BB7FC-C669-4540-B52E-534C31EF2BC4} = {F7D030E3-CBAC-46AA-9671-A35A48BAC572}
		{ABD75B49-80B4-4A52-8B34-926C576336AC} = {F7D030E3-CBAC-46AA-9671-A35A48BAC572}
		{6EBC1FA5-503E-408B-AA0C-6267C386C355} = {E9A71AF3-7DD2-47C0-ADA1-02440B064FC0}
		{C06E1756-4490-49E9-8494-8B1C1A9BF439} = {963BA884-E06A-44A4-9E0B-CDC910910CA1}
		{D756C64B-8856-438B-8AC0-76A13A339B5B} = {3A72349F-CCA2-4BAE-B918-42EC0C79973E}
	EndGlobalSection
EndGlobal
